// !$*UTF8*$!
{
	archiveVersion = 1;
	classes = {
	};
	objectVersion = 46;
	objects = {

/* Begin PBXBuildFile section */
		DCD9ABE024974583C11DE013 /* Pods_Boilerplate.framework in Frameworks */ = {isa = PBXBuildFile; fileRef = 13A41D658327E3AF1C5C5E30 /* Pods_Boilerplate.framework */; };
		ED95DF511E40BA8800F2F8F9 /* AppDelegate.swift in Sources */ = {isa = PBXBuildFile; fileRef = ED95DF501E40BA8800F2F8F9 /* AppDelegate.swift */; };
		ED95DF531E40BA8800F2F8F9 /* ViewController.swift in Sources */ = {isa = PBXBuildFile; fileRef = ED95DF521E40BA8800F2F8F9 /* ViewController.swift */; };
		ED95DF581E40BA8800F2F8F9 /* Assets.xcassets in Resources */ = {isa = PBXBuildFile; fileRef = ED95DF571E40BA8800F2F8F9 /* Assets.xcassets */; };
		ED95DF5B1E40BA8800F2F8F9 /* LaunchScreen.storyboard in Resources */ = {isa = PBXBuildFile; fileRef = ED95DF591E40BA8800F2F8F9 /* LaunchScreen.storyboard */; };
/* End PBXBuildFile section */

/* Begin PBXFileReference section */
		0463465793B536EF70F077F6 /* Pods-Boilerplate.release.xcconfig */ = {isa = PBXFileReference; includeInIndex = 1; lastKnownFileType = text.xcconfig; name = "Pods-Boilerplate.release.xcconfig"; path = "Target Support Files/Pods-Boilerplate/Pods-Boilerplate.release.xcconfig"; sourceTree = "<group>"; };
		13A41D658327E3AF1C5C5E30 /* Pods_Boilerplate.framework */ = {isa = PBXFileReference; explicitFileType = wrapper.framework; includeInIndex = 0; path = Pods_Boilerplate.framework; sourceTree = BUILT_PRODUCTS_DIR; };
		8DA66C9CD0AAA3E7C55CE751 /* Pods-Boilerplate.debug.xcconfig */ = {isa = PBXFileReference; includeInIndex = 1; lastKnownFileType = text.xcconfig; name = "Pods-Boilerplate.debug.xcconfig"; path = "Target Support Files/Pods-Boilerplate/Pods-Boilerplate.debug.xcconfig"; sourceTree = "<group>"; };
		ED95DF4E1E40BA8800F2F8F9 /* Boilerplate.app */ = {isa = PBXFileReference; explicitFileType = wrapper.application; includeInIndex = 0; path = Boilerplate.app; sourceTree = BUILT_PRODUCTS_DIR; };
		ED95DF501E40BA8800F2F8F9 /* AppDelegate.swift */ = {isa = PBXFileReference; lastKnownFileType = sourcecode.swift; path = AppDelegate.swift; sourceTree = "<group>"; };
		ED95DF521E40BA8800F2F8F9 /* ViewController.swift */ = {isa = PBXFileReference; lastKnownFileType = sourcecode.swift; path = ViewController.swift; sourceTree = "<group>"; };
		ED95DF571E40BA8800F2F8F9 /* Assets.xcassets */ = {isa = PBXFileReference; lastKnownFileType = folder.assetcatalog; path = Assets.xcassets; sourceTree = "<group>"; };
		ED95DF5A1E40BA8800F2F8F9 /* Base */ = {isa = PBXFileReference; lastKnownFileType = file.storyboard; name = Base; path = Base.lproj/LaunchScreen.storyboard; sourceTree = "<group>"; };
		ED95DF5C1E40BA8800F2F8F9 /* Info.plist */ = {isa = PBXFileReference; lastKnownFileType = text.plist.xml; path = Info.plist; sourceTree = "<group>"; };
/* End PBXFileReference section */

/* Begin PBXFrameworksBuildPhase section */
		ED95DF4B1E40BA8800F2F8F9 /* Frameworks */ = {
			isa = PBXFrameworksBuildPhase;
			buildActionMask = 2147483647;
			files = (
				DCD9ABE024974583C11DE013 /* Pods_Boilerplate.framework in Frameworks */,
			);
			runOnlyForDeploymentPostprocessing = 0;
		};
/* End PBXFrameworksBuildPhase section */

/* Begin PBXGroup section */
		058F1DD3438058E16EF3D616 /* Frameworks */ = {
			isa = PBXGroup;
			children = (
				13A41D658327E3AF1C5C5E30 /* Pods_Boilerplate.framework */,
			);
			name = Frameworks;
			sourceTree = "<group>";
		};
		23F494B8B4E777E1C434DAF2 /* Pods */ = {
			isa = PBXGroup;
			children = (
				8DA66C9CD0AAA3E7C55CE751 /* Pods-Boilerplate.debug.xcconfig */,
				0463465793B536EF70F077F6 /* Pods-Boilerplate.release.xcconfig */,
			);
			path = Pods;
			sourceTree = "<group>";
		};
		ED2FE21B1E3B81A100B7B658 = {
			isa = PBXGroup;
			children = (
				ED95DF4F1E40BA8800F2F8F9 /* Boilerplate */,
				ED2FE2251E3B81A100B7B658 /* Products */,
				23F494B8B4E777E1C434DAF2 /* Pods */,
				058F1DD3438058E16EF3D616 /* Frameworks */,
			);
			sourceTree = "<group>";
		};
		ED2FE2251E3B81A100B7B658 /* Products */ = {
			isa = PBXGroup;
			children = (
				ED95DF4E1E40BA8800F2F8F9 /* Boilerplate.app */,
			);
			name = Products;
			sourceTree = "<group>";
		};
		ED95DF4F1E40BA8800F2F8F9 /* Boilerplate */ = {
			isa = PBXGroup;
			children = (
				ED95DF501E40BA8800F2F8F9 /* AppDelegate.swift */,
				ED95DF521E40BA8800F2F8F9 /* ViewController.swift */,
				ED95DF571E40BA8800F2F8F9 /* Assets.xcassets */,
				ED95DF591E40BA8800F2F8F9 /* LaunchScreen.storyboard */,
				ED95DF5C1E40BA8800F2F8F9 /* Info.plist */,
			);
			path = Boilerplate;
			sourceTree = "<group>";
		};
/* End PBXGroup section */

/* Begin PBXNativeTarget section */
		ED95DF4D1E40BA8800F2F8F9 /* Boilerplate */ = {
			isa = PBXNativeTarget;
			buildConfigurationList = ED95DF5D1E40BA8800F2F8F9 /* Build configuration list for PBXNativeTarget "Boilerplate" */;
			buildPhases = (
				1F8AC1622E5265206CBFFD57 /* [CP] Check Pods Manifest.lock */,
				ED95DF4A1E40BA8800F2F8F9 /* Sources */,
				ED95DF4B1E40BA8800F2F8F9 /* Frameworks */,
				ED95DF4C1E40BA8800F2F8F9 /* Resources */,
				7246A93DE6390D6C756992AD /* [CP] Embed Pods Frameworks */,
			);
			buildRules = (
			);
			dependencies = (
			);
			name = Boilerplate;
			productName = Boilerplate;
			productReference = ED95DF4E1E40BA8800F2F8F9 /* Boilerplate.app */;
			productType = "com.apple.product-type.application";
		};
/* End PBXNativeTarget section */

/* Begin PBXProject section */
		ED2FE21C1E3B81A100B7B658 /* Project object */ = {
			isa = PBXProject;
			attributes = {
				LastSwiftUpdateCheck = 0820;
				LastUpgradeCheck = 1140;
				ORGANIZATIONNAME = Contentful;
				TargetAttributes = {
					ED95DF4D1E40BA8800F2F8F9 = {
						CreatedOnToolsVersion = 8.2.1;
						ProvisioningStyle = Automatic;
					};
				};
			};
			buildConfigurationList = ED2FE21F1E3B81A100B7B658 /* Build configuration list for PBXProject "Boilerplate-Swift" */;
			compatibilityVersion = "Xcode 3.2";
			developmentRegion = English;
			hasScannedForEncodings = 0;
			knownRegions = (
				English,
				en,
				Base,
			);
			mainGroup = ED2FE21B1E3B81A100B7B658;
			productRefGroup = ED2FE2251E3B81A100B7B658 /* Products */;
			projectDirPath = "";
			projectRoot = "";
			targets = (
				ED95DF4D1E40BA8800F2F8F9 /* Boilerplate */,
			);
		};
/* End PBXProject section */

/* Begin PBXResourcesBuildPhase section */
		ED95DF4C1E40BA8800F2F8F9 /* Resources */ = {
			isa = PBXResourcesBuildPhase;
			buildActionMask = 2147483647;
			files = (
				ED95DF5B1E40BA8800F2F8F9 /* LaunchScreen.storyboard in Resources */,
				ED95DF581E40BA8800F2F8F9 /* Assets.xcassets in Resources */,
			);
			runOnlyForDeploymentPostprocessing = 0;
		};
/* End PBXResourcesBuildPhase section */

/* Begin PBXShellScriptBuildPhase section */
		1F8AC1622E5265206CBFFD57 /* [CP] Check Pods Manifest.lock */ = {
			isa = PBXShellScriptBuildPhase;
			buildActionMask = 2147483647;
			files = (
			);
			inputFileListPaths = (
			);
			inputPaths = (
				"${PODS_PODFILE_DIR_PATH}/Podfile.lock",
				"${PODS_ROOT}/Manifest.lock",
			);
			name = "[CP] Check Pods Manifest.lock";
			outputFileListPaths = (
			);
			outputPaths = (
				"$(DERIVED_FILE_DIR)/Pods-Boilerplate-checkManifestLockResult.txt",
			);
			runOnlyForDeploymentPostprocessing = 0;
			shellPath = /bin/sh;
			shellScript = "diff \"${PODS_PODFILE_DIR_PATH}/Podfile.lock\" \"${PODS_ROOT}/Manifest.lock\" > /dev/null\nif [ $? != 0 ] ; then\n    # print error to STDERR\n    echo \"error: The sandbox is not in sync with the Podfile.lock. Run 'pod install' or update your CocoaPods installation.\" >&2\n    exit 1\nfi\n# This output is used by Xcode 'outputs' to avoid re-running this script phase.\necho \"SUCCESS\" > \"${SCRIPT_OUTPUT_FILE_0}\"\n";
			showEnvVarsInLog = 0;
		};
		7246A93DE6390D6C756992AD /* [CP] Embed Pods Frameworks */ = {
			isa = PBXShellScriptBuildPhase;
			buildActionMask = 2147483647;
			files = (
			);
			inputPaths = (
				"${PODS_ROOT}/Target Support Files/Pods-Boilerplate/Pods-Boilerplate-frameworks.sh",
				"${BUILT_PRODUCTS_DIR}/Contentful/Contentful.framework",
			);
			name = "[CP] Embed Pods Frameworks";
			outputPaths = (
				"${TARGET_BUILD_DIR}/${FRAMEWORKS_FOLDER_PATH}/Contentful.framework",
			);
			runOnlyForDeploymentPostprocessing = 0;
			shellPath = /bin/sh;
			shellScript = "\"${PODS_ROOT}/Target Support Files/Pods-Boilerplate/Pods-Boilerplate-frameworks.sh\"\n";
			showEnvVarsInLog = 0;
		};
/* End PBXShellScriptBuildPhase section */

/* Begin PBXSourcesBuildPhase section */
		ED95DF4A1E40BA8800F2F8F9 /* Sources */ = {
			isa = PBXSourcesBuildPhase;
			buildActionMask = 2147483647;
			files = (
				ED95DF531E40BA8800F2F8F9 /* ViewController.swift in Sources */,
				ED95DF511E40BA8800F2F8F9 /* AppDelegate.swift in Sources */,
			);
			runOnlyForDeploymentPostprocessing = 0;
		};
/* End PBXSourcesBuildPhase section */

/* Begin PBXVariantGroup section */
		ED95DF591E40BA8800F2F8F9 /* LaunchScreen.storyboard */ = {
			isa = PBXVariantGroup;
			children = (
				ED95DF5A1E40BA8800F2F8F9 /* Base */,
			);
			name = LaunchScreen.storyboard;
			sourceTree = "<group>";
		};
/* End PBXVariantGroup section */

/* Begin XCBuildConfiguration section */
		ED2FE2291E3B81A100B7B658 /* Debug */ = {
			isa = XCBuildConfiguration;
			buildSettings = {
				ALWAYS_SEARCH_USER_PATHS = NO;
				CLANG_ANALYZER_LOCALIZABILITY_NONLOCALIZED = YES;
				CLANG_ANALYZER_NONNULL = YES;
				CLANG_CXX_LANGUAGE_STANDARD = "gnu++0x";
				CLANG_CXX_LIBRARY = "libc++";
				CLANG_ENABLE_MODULES = YES;
				CLANG_ENABLE_OBJC_ARC = YES;
				CLANG_WARN_BLOCK_CAPTURE_AUTORELEASING = YES;
				CLANG_WARN_BOOL_CONVERSION = YES;
				CLANG_WARN_COMMA = YES;
				CLANG_WARN_CONSTANT_CONVERSION = YES;
				CLANG_WARN_DEPRECATED_OBJC_IMPLEMENTATIONS = YES;
				CLANG_WARN_DIRECT_OBJC_ISA_USAGE = YES_ERROR;
				CLANG_WARN_DOCUMENTATION_COMMENTS = YES;
				CLANG_WARN_EMPTY_BODY = YES;
				CLANG_WARN_ENUM_CONVERSION = YES;
				CLANG_WARN_INFINITE_RECURSION = YES;
				CLANG_WARN_INT_CONVERSION = YES;
				CLANG_WARN_NON_LITERAL_NULL_CONVERSION = YES;
				CLANG_WARN_OBJC_IMPLICIT_RETAIN_SELF = YES;
				CLANG_WARN_OBJC_LITERAL_CONVERSION = YES;
				CLANG_WARN_OBJC_ROOT_CLASS = YES_ERROR;
				CLANG_WARN_RANGE_LOOP_ANALYSIS = YES;
				CLANG_WARN_STRICT_PROTOTYPES = YES;
				CLANG_WARN_SUSPICIOUS_MOVE = YES;
				CLANG_WARN_UNREACHABLE_CODE = YES;
				CLANG_WARN__DUPLICATE_METHOD_MATCH = YES;
				CODE_SIGN_IDENTITY = "-";
				COPY_PHASE_STRIP = NO;
				DEBUG_INFORMATION_FORMAT = dwarf;
				ENABLE_STRICT_OBJC_MSGSEND = YES;
				ENABLE_TESTABILITY = YES;
				GCC_C_LANGUAGE_STANDARD = gnu99;
				GCC_DYNAMIC_NO_PIC = NO;
				GCC_NO_COMMON_BLOCKS = YES;
				GCC_OPTIMIZATION_LEVEL = 0;
				GCC_PREPROCESSOR_DEFINITIONS = (
					"DEBUG=1",
					"$(inherited)",
				);
				GCC_WARN_64_TO_32_BIT_CONVERSION = YES;
				GCC_WARN_ABOUT_RETURN_TYPE = YES_ERROR;
				GCC_WARN_UNDECLARED_SELECTOR = YES;
				GCC_WARN_UNINITIALIZED_AUTOS = YES_AGGRESSIVE;
				GCC_WARN_UNUSED_FUNCTION = YES;
				GCC_WARN_UNUSED_VARIABLE = YES;
				MACOSX_DEPLOYMENT_TARGET = 10.12;
				MTL_ENABLE_DEBUG_INFO = YES;
				ONLY_ACTIVE_ARCH = YES;
				SDKROOT = macosx;
				SWIFT_OPTIMIZATION_LEVEL = "-Onone";
			};
			name = Debug;
		};
		ED2FE22A1E3B81A100B7B658 /* Release */ = {
			isa = XCBuildConfiguration;
			buildSettings = {
				ALWAYS_SEARCH_USER_PATHS = NO;
				CLANG_ANALYZER_LOCALIZABILITY_NONLOCALIZED = YES;
				CLANG_ANALYZER_NONNULL = YES;
				CLANG_CXX_LANGUAGE_STANDARD = "gnu++0x";
				CLANG_CXX_LIBRARY = "libc++";
				CLANG_ENABLE_MODULES = YES;
				CLANG_ENABLE_OBJC_ARC = YES;
				CLANG_WARN_BLOCK_CAPTURE_AUTORELEASING = YES;
				CLANG_WARN_BOOL_CONVERSION = YES;
				CLANG_WARN_COMMA = YES;
				CLANG_WARN_CONSTANT_CONVERSION = YES;
				CLANG_WARN_DEPRECATED_OBJC_IMPLEMENTATIONS = YES;
				CLANG_WARN_DIRECT_OBJC_ISA_USAGE = YES_ERROR;
				CLANG_WARN_DOCUMENTATION_COMMENTS = YES;
				CLANG_WARN_EMPTY_BODY = YES;
				CLANG_WARN_ENUM_CONVERSION = YES;
				CLANG_WARN_INFINITE_RECURSION = YES;
				CLANG_WARN_INT_CONVERSION = YES;
				CLANG_WARN_NON_LITERAL_NULL_CONVERSION = YES;
				CLANG_WARN_OBJC_IMPLICIT_RETAIN_SELF = YES;
				CLANG_WARN_OBJC_LITERAL_CONVERSION = YES;
				CLANG_WARN_OBJC_ROOT_CLASS = YES_ERROR;
				CLANG_WARN_RANGE_LOOP_ANALYSIS = YES;
				CLANG_WARN_STRICT_PROTOTYPES = YES;
				CLANG_WARN_SUSPICIOUS_MOVE = YES;
				CLANG_WARN_UNREACHABLE_CODE = YES;
				CLANG_WARN__DUPLICATE_METHOD_MATCH = YES;
				CODE_SIGN_IDENTITY = "-";
				COPY_PHASE_STRIP = NO;
				DEBUG_INFORMATION_FORMAT = "dwarf-with-dsym";
				ENABLE_NS_ASSERTIONS = NO;
				ENABLE_STRICT_OBJC_MSGSEND = YES;
				GCC_C_LANGUAGE_STANDARD = gnu99;
				GCC_NO_COMMON_BLOCKS = YES;
				GCC_WARN_64_TO_32_BIT_CONVERSION = YES;
				GCC_WARN_ABOUT_RETURN_TYPE = YES_ERROR;
				GCC_WARN_UNDECLARED_SELECTOR = YES;
				GCC_WARN_UNINITIALIZED_AUTOS = YES_AGGRESSIVE;
				GCC_WARN_UNUSED_FUNCTION = YES;
				GCC_WARN_UNUSED_VARIABLE = YES;
				MACOSX_DEPLOYMENT_TARGET = 10.12;
				MTL_ENABLE_DEBUG_INFO = NO;
				SDKROOT = macosx;
			};
			name = Release;
		};
		ED95DF5E1E40BA8800F2F8F9 /* Debug */ = {
			isa = XCBuildConfiguration;
			baseConfigurationReference = 8DA66C9CD0AAA3E7C55CE751 /* Pods-Boilerplate.debug.xcconfig */;
			buildSettings = {
				ASSETCATALOG_COMPILER_APPICON_NAME = AppIcon;
				"CODE_SIGN_IDENTITY[sdk=iphoneos*]" = "iPhone Developer";
				INFOPLIST_FILE = Boilerplate/Info.plist;
				IPHONEOS_DEPLOYMENT_TARGET = 10.2;
				LD_RUNPATH_SEARCH_PATHS = "$(inherited) @executable_path/Frameworks";
				PRODUCT_BUNDLE_IDENTIFIER = com.contentful.Boilerplate;
				PRODUCT_NAME = "$(TARGET_NAME)";
				SDKROOT = iphoneos;
				SWIFT_ACTIVE_COMPILATION_CONDITIONS = DEBUG;
				SWIFT_VERSION = 5.0;
				TARGETED_DEVICE_FAMILY = "1,2";
			};
			name = Debug;
		};
		ED95DF5F1E40BA8800F2F8F9 /* Release */ = {
			isa = XCBuildConfiguration;
			baseConfigurationReference = 0463465793B536EF70F077F6 /* Pods-Boilerplate.release.xcconfig */;
			buildSettings = {
				ASSETCATALOG_COMPILER_APPICON_NAME = AppIcon;
				"CODE_SIGN_IDENTITY[sdk=iphoneos*]" = "iPhone Developer";
				INFOPLIST_FILE = Boilerplate/Info.plist;
				IPHONEOS_DEPLOYMENT_TARGET = 10.2;
				LD_RUNPATH_SEARCH_PATHS = "$(inherited) @executable_path/Frameworks";
				PRODUCT_BUNDLE_IDENTIFIER = com.contentful.Boilerplate;
				PRODUCT_NAME = "$(TARGET_NAME)";
				SDKROOT = iphoneos;
				SWIFT_OPTIMIZATION_LEVEL = "-Owholemodule";
				SWIFT_VERSION = 5.0;
				TARGETED_DEVICE_FAMILY = "1,2";
				VALIDATE_PRODUCT = YES;
			};
			name = Release;
		};
/* End XCBuildConfiguration section */

/* Begin XCConfigurationList section */
		ED2FE21F1E3B81A100B7B658 /* Build configuration list for PBXProject "Boilerplate-Swift" */ = {
			isa = XCConfigurationList;
			buildConfigurations = (
				ED2FE2291E3B81A100B7B658 /* Debug */,
				ED2FE22A1E3B81A100B7B658 /* Release */,
			);
			defaultConfigurationIsVisible = 0;
			defaultConfigurationName = Release;
		};
		ED95DF5D1E40BA8800F2F8F9 /* Build configuration list for PBXNativeTarget "Boilerplate" */ = {
			isa = XCConfigurationList;
			buildConfigurations = (
				ED95DF5E1E40BA8800F2F8F9 /* Debug */,
				ED95DF5F1E40BA8800F2F8F9 /* Release */,
			);
			defaultConfigurationIsVisible = 0;
			defaultConfigurationName = Release;
		};
/* End XCConfigurationList section */
	};
	rootObject = ED2FE21C1E3B81A100B7B658 /* Project object */;
}
