PODS:
  - Contentful (5.2.0):
    - Contentful/ImageOptions (= 5.2.0)
  - Contentful/ImageOptions (5.2.0)

DEPENDENCIES:
  - Contentful

SPEC REPOS:
  trunk:
    - Contentful

SPEC CHECKSUMS:
  Contentful: 4973186d957d01c4868107fa4bda2149cd5ea107

PODFILE CHECKSUM: e9774ab0824519ec651489e000d73132c98adbed

COCOAPODS: 1.9.3
